
Microsoft Visual Studio Solution File, Format Version 12.00
# Visual Studio Version 16
VisualStudioVersion = 16.0.29613.14
MinimumVisualStudioVersion = 10.0.40219.1
Project("{FAE04EC0-301F-11D3-BF4B-00C04F79EFBC}") = "NfcAdapters.Backend", "nfc-adapters-backend\NfcAdapters.Backend.csproj", "{C912A867-32AA-46B9-971B-0EAA82829250}"
EndProject
Project("{FAE04EC0-301F-11D3-BF4B-00C04F79EFBC}") = "NfcAdapters.Database", "nfc-adapters-db\NfcAdapters.Database.csproj", "{09208267-E7AD-43C9-8BBE-DA480A4A41EE}"
EndProject
Project("{FAE04EC0-301F-11D3-BF4B-00C04F79EFBC}") = "NfcAdapters.Frontend", "NfcAdapters.Frontend\NfcAdapters.Frontend.csproj", "{E8E6DD77-D4CC-4394-92C8-5A2479DD6F26}"
EndProject
Global
	GlobalSection(SolutionConfigurationPlatforms) = preSolution
		Debug|Any CPU = Debug|Any CPU
		Release|Any CPU = Release|Any CPU
	EndGlobalSection
	GlobalSection(ProjectConfigurationPlatforms) = postSolution
		{C912A867-32AA-46B9-971B-0EAA82829250}.Debug|Any CPU.ActiveCfg = Debug|Any CPU
		{C912A867-32AA-46B9-971B-0EAA82829250}.Debug|Any CPU.Build.0 = Debug|Any CPU
		{C912A867-32AA-46B9-971B-0EAA82829250}.Release|Any CPU.ActiveCfg = Release|Any CPU
		{C912A867-32AA-46B9-971B-0EAA82829250}.Release|Any CPU.Build.0 = Release|Any CPU
		{09208267-E7AD-43C9-8BBE-DA480A4A41EE}.Debug|Any CPU.ActiveCfg = Debug|Any CPU
		{09208267-E7AD-43C9-8BBE-DA480A4A41EE}.Debug|Any CPU.Build.0 = Debug|Any CPU
		{09208267-E7AD-43C9-8BBE-DA480A4A41EE}.Release|Any CPU.ActiveCfg = Release|Any CPU
		{09208267-E7AD-43C9-8BBE-DA480A4A41EE}.Release|Any CPU.Build.0 = Release|Any CPU
		{E8E6DD77-D4CC-4394-92C8-5A2479DD6F26}.Debug|Any CPU.ActiveCfg = Debug|Any CPU
		{E8E6DD77-D4CC-4394-92C8-5A2479DD6F26}.Debug|Any CPU.Build.0 = Debug|Any CPU
		{E8E6DD77-D4CC-4394-92C8-5A2479DD6F26}.Release|Any CPU.ActiveCfg = Release|Any CPU
		{E8E6DD77-D4CC-4394-92C8-5A2479DD6F26}.Release|Any CPU.Build.0 = Release|Any CPU
	EndGlobalSection
	GlobalSection(SolutionProperties) = preSolution
		HideSolutionNode = FALSE
	EndGlobalSection
	GlobalSection(ExtensibilityGlobals) = postSolution
		SolutionGuid = {18BBEBB0-7C38-4BF2-8EEF-23956E37F2AB}
	EndGlobalSection
EndGlobal
